<?xml version="1.0" encoding="utf-8"?>
<Project ToolsVersion="4.0" xmlns="http://schemas.microsoft.com/developer/msbuild/2003">
  <ItemGroup>
    <Filter Include="Base">
      <UniqueIdentifier>{d21d44d6-ec43-4d35-9f45-b7665c89b6ac}</UniqueIdentifier>
    </Filter>
    <Filter Include="Math">
      <UniqueIdentifier>{66d249d4-9fb4-4701-a148-eb57a4201f05}</UniqueIdentifier>
    </Filter>
    <Filter Include="Kernel">
      <UniqueIdentifier>{5f83392b-e900-405e-8515-3ec63ddf4478}</UniqueIdentifier>
    </Filter>
    <Filter Include="Engine">
      <UniqueIdentifier>{da259ccd-e8eb-403b-8a87-e0204e13d519}</UniqueIdentifier>
    </Filter>
    <Filter Include="Integrators">
      <UniqueIdentifier>{841c729f-c869-426e-b42f-8bff9fcae7b7}</UniqueIdentifier>
    </Filter>
    <Filter Include="Engine\SceneBuilder">
      <UniqueIdentifier>{3bb70ff5-b556-42db-9042-9985093f213c}</UniqueIdentifier>
    </Filter>
    <Filter Include="Integrators\Bidirectional">
      <UniqueIdentifier>{4ff85851-60fe-4165-913d-dcec7036b355}</UniqueIdentifier>
    </Filter>
    <Filter Include="Integrators\Parametric Mixture Models">
      <UniqueIdentifier>{be2fb4a9-acbb-4cdb-9ed6-c7b80a7b0e1a}</UniqueIdentifier>
    </Filter>
    <Filter Include="Integrators\Progressive Photon Mapping">
      <UniqueIdentifier>{13ec0f1a-4ad4-49bb-b6c0-58b27f4c56fe}</UniqueIdentifier>
    </Filter>
    <Filter Include="Integrators\Progressive Photon Mapping\VolEstimators">
      <UniqueIdentifier>{141cc77f-7452-4ddf-b2dc-97edd74dcf74}</UniqueIdentifier>
    </Filter>
    <Filter Include="Integrators\Pseudo Realtime">
      <UniqueIdentifier>{63bb13c4-3aad-4147-8c76-e9c15f2cc4e6}</UniqueIdentifier>
    </Filter>
    <Filter Include="Integrators\Gradient">
      <UniqueIdentifier>{c56b0945-3d56-41d6-a4bc-3021e3cef8bd}</UniqueIdentifier>
    </Filter>
  </ItemGroup>
  <ItemGroup>
    <ClInclude Include="Defines.h" />
    <ClInclude Include="MathTypes.h" />
    <ClInclude Include="Base\CudaRandom.h">
      <Filter>Base</Filter>
    </ClInclude>
    <ClInclude Include="Base\FileStream.h">
      <Filter>Base</Filter>
    </ClInclude>
    <ClInclude Include="Base\Platform.h">
      <Filter>Base</Filter>
    </ClInclude>
    <ClInclude Include="Base\STL.h">
      <Filter>Base</Filter>
    </ClInclude>
    <ClInclude Include="Base\Timer.h">
      <Filter>Base</Filter>
    </ClInclude>
    <ClInclude Include="Math\AABB.h">
      <Filter>Math</Filter>
    </ClInclude>
    <ClInclude Include="Math\Compression.h">
      <Filter>Math</Filter>
    </ClInclude>
    <ClInclude Include="Math\float4x4.h">
      <Filter>Math</Filter>
    </ClInclude>
    <ClInclude Include="Math\Frame.h">
      <Filter>Math</Filter>
    </ClInclude>
    <ClInclude Include="Math\half.h">
      <Filter>Math</Filter>
    </ClInclude>
    <ClInclude Include="Math\Int24.h">
      <Filter>Math</Filter>
    </ClInclude>
    <ClInclude Include="Math\Integrator.h">
      <Filter>Math</Filter>
    </ClInclude>
    <ClInclude Include="Math\Quaternion.h">
      <Filter>Math</Filter>
    </ClInclude>
    <ClInclude Include="Math\Ray.h">
      <Filter>Math</Filter>
    </ClInclude>
    <ClInclude Include="Math\Sampling.h">
      <Filter>Math</Filter>
    </ClInclude>
    <ClInclude Include="Math\Spectrum.h">
      <Filter>Math</Filter>
    </ClInclude>
    <ClInclude Include="Math\Spline.h">
      <Filter>Math</Filter>
    </ClInclude>
    <ClInclude Include="Math\Warp.h">
      <Filter>Math</Filter>
    </ClInclude>
    <ClInclude Include="Engine\SceneBuilder\MD5Parser.h">
      <Filter>Engine\SceneBuilder</Filter>
    </ClInclude>
    <ClInclude Include="StdAfx.h" />
    <ClInclude Include="Math\Vector.h">
      <Filter>Math</Filter>
    </ClInclude>
    <ClInclude Include="Math\MathFunc.h">
      <Filter>Math</Filter>
    </ClInclude>
    <ClInclude Include="Engine\SceneBuilder\SplitBVHBuilder.hpp">
      <Filter>Engine\SceneBuilder</Filter>
    </ClInclude>
    <ClInclude Include="Base\FixedString.h">
      <Filter>Base</Filter>
    </ClInclude>
    <ClInclude Include="Engine\SceneBuilder\TangentSpaceHelper.h">
      <Filter>Engine\SceneBuilder</Filter>
    </ClInclude>
    <ClInclude Include="VirtualFuncType.h" />
    <ClInclude Include="CudaMemoryManager.h" />
    <ClInclude Include="Base\FixedSizeArray.h">
      <Filter>Base</Filter>
    </ClInclude>
    <ClInclude Include="Kernel\BlockSampler.h">
      <Filter>Kernel</Filter>
    </ClInclude>
    <ClInclude Include="Kernel\BlockSampler_device.h">
      <Filter>Kernel</Filter>
    </ClInclude>
    <ClInclude Include="Kernel\BSDFVisualizer.h">
      <Filter>Kernel</Filter>
    </ClInclude>
    <ClInclude Include="Kernel\BVHTracer.h">
      <Filter>Kernel</Filter>
    </ClInclude>
    <ClInclude Include="Kernel\RayBuffer.h">
      <Filter>Kernel</Filter>
    </ClInclude>
    <ClInclude Include="Kernel\TraceAlgorithms.h">
      <Filter>Kernel</Filter>
    </ClInclude>
    <ClInclude Include="Kernel\TraceHelper.h">
      <Filter>Kernel</Filter>
    </ClInclude>
    <ClInclude Include="Kernel\Tracer.h">
      <Filter>Kernel</Filter>
    </ClInclude>
    <ClInclude Include="Kernel\TraceResult.h">
      <Filter>Kernel</Filter>
    </ClInclude>
    <ClInclude Include="Integrators\PathTracer.h">
      <Filter>Integrators</Filter>
    </ClInclude>
    <ClInclude Include="Integrators\PhotonTracer.h">
      <Filter>Integrators</Filter>
    </ClInclude>
    <ClInclude Include="Integrators\PrimTracer.h">
      <Filter>Integrators</Filter>
    </ClInclude>
    <ClInclude Include="Integrators\Bidirectional\BDPT.h">
      <Filter>Integrators\Bidirectional</Filter>
    </ClInclude>
    <ClInclude Include="Integrators\Bidirectional\VCM.h">
      <Filter>Integrators\Bidirectional</Filter>
    </ClInclude>
    <ClInclude Include="Integrators\Bidirectional\VCMHelper.h">
      <Filter>Integrators\Bidirectional</Filter>
    </ClInclude>
    <ClInclude Include="Integrators\Bidirectional\WavefrontVCM.h">
      <Filter>Integrators\Bidirectional</Filter>
    </ClInclude>
    <ClInclude Include="Integrators\Parametric Mixture Models\PmmHelper.h">
      <Filter>Integrators\Parametric Mixture Models</Filter>
    </ClInclude>
    <ClInclude Include="Integrators\Parametric Mixture Models\PmmTracer.h">
      <Filter>Integrators\Parametric Mixture Models</Filter>
    </ClInclude>
    <ClInclude Include="Integrators\Progressive Photon Mapping\VolEstimators\Beam.h">
      <Filter>Integrators\Progressive Photon Mapping\VolEstimators</Filter>
    </ClInclude>
    <ClInclude Include="Integrators\Progressive Photon Mapping\VolEstimators\BeamBeamGrid.h">
      <Filter>Integrators\Progressive Photon Mapping\VolEstimators</Filter>
    </ClInclude>
    <ClInclude Include="Integrators\Progressive Photon Mapping\VolEstimators\BeamBVHStorage.h">
      <Filter>Integrators\Progressive Photon Mapping\VolEstimators</Filter>
    </ClInclude>
    <ClInclude Include="Integrators\Progressive Photon Mapping\VolEstimators\BeamGrid.h">
      <Filter>Integrators\Progressive Photon Mapping\VolEstimators</Filter>
    </ClInclude>
    <ClInclude Include="Integrators\Progressive Photon Mapping\VolEstimators\PointStorage.h">
      <Filter>Integrators\Progressive Photon Mapping\VolEstimators</Filter>
    </ClInclude>
    <ClInclude Include="Integrators\Progressive Photon Mapping\PPPMTracer.h">
      <Filter>Integrators\Progressive Photon Mapping</Filter>
    </ClInclude>
    <ClInclude Include="Engine\MeshCompiler.h">
      <Filter>Engine</Filter>
    </ClInclude>
    <ClInclude Include="Engine\MicrofacetDistribution.h">
      <Filter>Engine</Filter>
    </ClInclude>
    <ClInclude Include="Engine\Node.h">
      <Filter>Engine</Filter>
    </ClInclude>
    <ClInclude Include="Engine\PhaseFunction.h">
      <Filter>Engine</Filter>
    </ClInclude>
    <ClInclude Include="Engine\RoughTransmittance.h">
      <Filter>Engine</Filter>
    </ClInclude>
    <ClInclude Include="Engine\Samples.h">
      <Filter>Engine</Filter>
    </ClInclude>
    <ClInclude Include="Engine\SceneBVH.h">
      <Filter>Engine</Filter>
    </ClInclude>
    <ClInclude Include="Engine\SceneBVH_device.h">
      <Filter>Engine</Filter>
    </ClInclude>
    <ClInclude Include="Engine\SceneInitData.h">
      <Filter>Engine</Filter>
    </ClInclude>
    <ClInclude Include="Engine\Sensor.h">
      <Filter>Engine</Filter>
    </ClInclude>
    <ClInclude Include="Engine\ShapeSet.h">
      <Filter>Engine</Filter>
    </ClInclude>
    <ClInclude Include="Engine\SpatialGrid.h">
      <Filter>Engine</Filter>
    </ClInclude>
    <ClInclude Include="Engine\TriangleData.h">
      <Filter>Engine</Filter>
    </ClInclude>
    <ClInclude Include="Engine\TriIntersectorData.h">
      <Filter>Engine</Filter>
    </ClInclude>
    <ClInclude Include="Engine\Volumes.h">
      <Filter>Engine</Filter>
    </ClInclude>
    <ClInclude Include="Engine\AbstractEmitter.h">
      <Filter>Engine</Filter>
    </ClInclude>
    <ClInclude Include="Engine\AnimatedMesh.h">
      <Filter>Engine</Filter>
    </ClInclude>
    <ClInclude Include="Engine\BSDF.h">
      <Filter>Engine</Filter>
    </ClInclude>
    <ClInclude Include="Engine\BSDF_Complex.h">
      <Filter>Engine</Filter>
    </ClInclude>
    <ClInclude Include="Engine\BSDF_Simple.h">
      <Filter>Engine</Filter>
    </ClInclude>
    <ClInclude Include="Engine\Buffer.h">
      <Filter>Engine</Filter>
    </ClInclude>
    <ClInclude Include="Engine\Buffer_device.h">
      <Filter>Engine</Filter>
    </ClInclude>
    <ClInclude Include="Engine\BVHRebuilder.h">
      <Filter>Engine</Filter>
    </ClInclude>
    <ClInclude Include="Engine\Core.h">
      <Filter>Engine</Filter>
    </ClInclude>
    <ClInclude Include="Engine\DifferentialGeometry.h">
      <Filter>Engine</Filter>
    </ClInclude>
    <ClInclude Include="Engine\DynamicScene.h">
      <Filter>Engine</Filter>
    </ClInclude>
    <ClInclude Include="Engine\Filter.h">
      <Filter>Engine</Filter>
    </ClInclude>
    <ClInclude Include="Engine\Grid.h">
      <Filter>Engine</Filter>
    </ClInclude>
    <ClInclude Include="Engine\Image.h">
      <Filter>Engine</Filter>
    </ClInclude>
    <ClInclude Include="Engine\KernelDynamicScene.h">
      <Filter>Engine</Filter>
    </ClInclude>
    <ClInclude Include="Engine\Light.h">
      <Filter>Engine</Filter>
    </ClInclude>
    <ClInclude Include="Engine\Material.h">
      <Filter>Engine</Filter>
    </ClInclude>
    <ClInclude Include="Engine\MaterialLib.h">
      <Filter>Engine</Filter>
    </ClInclude>
    <ClInclude Include="Engine\Mesh.h">
      <Filter>Engine</Filter>
    </ClInclude>
    <ClInclude Include="Engine\MIPMapHelper.h">
      <Filter>Engine</Filter>
    </ClInclude>
    <ClInclude Include="Engine\MIPMap.h">
      <Filter>Engine</Filter>
    </ClInclude>
    <ClInclude Include="Engine\MIPMap_device.h">
      <Filter>Engine</Filter>
    </ClInclude>
    <ClInclude Include="Engine\Texture.h">
      <Filter>Engine</Filter>
    </ClInclude>
    <ClInclude Include="Kernel\TracerSettings.h">
      <Filter>Kernel</Filter>
    </ClInclude>
    <ClInclude Include="Integrators\Pseudo Realtime\FastTracer.h">
      <Filter>Integrators\Pseudo Realtime</Filter>
    </ClInclude>
    <ClInclude Include="Integrators\Pseudo Realtime\GameTracer.h">
      <Filter>Integrators\Pseudo Realtime</Filter>
    </ClInclude>
    <ClInclude Include="Integrators\Pseudo Realtime\WavefrontPathTracer.h">
      <Filter>Integrators\Pseudo Realtime</Filter>
    </ClInclude>
    <ClInclude Include="Integrators\PhotonMapHelper.h">
      <Filter>Integrators</Filter>
    </ClInclude>
    <ClInclude Include="Math\qMatrixWrapper.h">
      <Filter>Math</Filter>
    </ClInclude>
    <ClInclude Include="Integrators\Gradient\GradientDescent.h">
      <Filter>Integrators\Gradient</Filter>
    </ClInclude>
    <ClInclude Include="Integrators\Gradient\PathDifferientials.h">
      <Filter>Integrators\Gradient</Filter>
    </ClInclude>
    <ClInclude Include="Engine\SceneBuilder\BVHBuilderHelper.h">
      <Filter>Engine\SceneBuilder</Filter>
    </ClInclude>
    <ClInclude Include="Engine\Dispersion.h">
      <Filter>Engine</Filter>
    </ClInclude>
  </ItemGroup>
  <ItemGroup>
    <ClCompile Include="Base\FileStream.cpp">
      <Filter>Base</Filter>
    </ClCompile>
    <ClCompile Include="Engine\SceneBuilder\MD5Parser.cpp">
      <Filter>Engine\SceneBuilder</Filter>
    </ClCompile>
    <ClCompile Include="Engine\SceneBuilder\ObjParser.cpp">
      <Filter>Engine\SceneBuilder</Filter>
    </ClCompile>
    <ClCompile Include="Engine\SceneBuilder\PlyParser.cpp">
      <Filter>Engine\SceneBuilder</Filter>
    </ClCompile>
    <ClCompile Include="stdafx.cpp" />
    <ClCompile Include="Defines.cpp" />
    <ClCompile Include="Engine\SceneBuilder\SplitBVHBuilder.cpp">
      <Filter>Engine\SceneBuilder</Filter>
    </ClCompile>
    <ClCompile Include="Engine\SceneBuilder\TangentSpaceHelper.cpp">
      <Filter>Engine\SceneBuilder</Filter>
    </ClCompile>
    <ClCompile Include="Engine\SceneBuilder\md5Compiler.cpp">
      <Filter>Engine\SceneBuilder</Filter>
    </ClCompile>
    <ClCompile Include="CudaMemoryManager.cpp" />
    <ClCompile Include="Kernel\Tracer.cpp">
      <Filter>Kernel</Filter>
    </ClCompile>
    <ClCompile Include="Integrators\Bidirectional\WavefrontVCM.cpp">
      <Filter>Integrators\Bidirectional</Filter>
    </ClCompile>
    <ClCompile Include="Integrators\Parametric Mixture Models\PmmTracer.cpp">
      <Filter>Integrators\Parametric Mixture Models</Filter>
    </ClCompile>
    <ClCompile Include="Integrators\Progressive Photon Mapping\VolEstimators\BeamBeamGrid.cpp">
      <Filter>Integrators\Progressive Photon Mapping\VolEstimators</Filter>
    </ClCompile>
    <ClCompile Include="Integrators\Progressive Photon Mapping\VolEstimators\BeamBVHStorage.cpp">
      <Filter>Integrators\Progressive Photon Mapping\VolEstimators</Filter>
    </ClCompile>
    <ClCompile Include="Integrators\Progressive Photon Mapping\PPPMTracer.cpp">
      <Filter>Integrators\Progressive Photon Mapping</Filter>
    </ClCompile>
    <ClCompile Include="Engine\Node.cpp">
      <Filter>Engine</Filter>
    </ClCompile>
    <ClCompile Include="Engine\SceneBVH.cpp">
      <Filter>Engine</Filter>
    </ClCompile>
    <ClCompile Include="Engine\ShapeSet.cpp">
      <Filter>Engine</Filter>
    </ClCompile>
    <ClCompile Include="Engine\AnimatedMesh.cpp">
      <Filter>Engine</Filter>
    </ClCompile>
    <ClCompile Include="Engine\BVHRebuilder.cpp">
      <Filter>Engine</Filter>
    </ClCompile>
    <ClCompile Include="Engine\Core.cpp">
      <Filter>Engine</Filter>
    </ClCompile>
    <ClCompile Include="Engine\DynamicScene.cpp">
      <Filter>Engine</Filter>
    </ClCompile>
    <ClCompile Include="Engine\Image.cpp">
      <Filter>Engine</Filter>
    </ClCompile>
    <ClCompile Include="Engine\MaterialLib.cpp">
      <Filter>Engine</Filter>
    </ClCompile>
    <ClCompile Include="Engine\Mesh.cpp">
      <Filter>Engine</Filter>
    </ClCompile>
    <ClCompile Include="Engine\MeshCompiler.cpp">
      <Filter>Engine</Filter>
    </ClCompile>
    <ClCompile Include="Engine\MIPMap.cpp">
      <Filter>Engine</Filter>
    </ClCompile>
    <ClCompile Include="Base\Timer.cpp">
      <Filter>Base</Filter>
    </ClCompile>
    <ClCompile Include="Integrators\Gradient\GradientDescent.cpp">
      <Filter>Integrators\Gradient</Filter>
    </ClCompile>
    <ClCompile Include="Engine\SceneBuilder\BVHBuilderHelper.cpp">
      <Filter>Engine\SceneBuilder</Filter>
    </ClCompile>
  </ItemGroup>
  <ItemGroup>
    <CudaCompile Include="Base\CudaRandom.cu">
      <Filter>Base</Filter>
    </CudaCompile>
    <CudaCompile Include="Base\Platform.cu">
      <Filter>Base</Filter>
    </CudaCompile>
    <CudaCompile Include="Math\Integrator.cu">
      <Filter>Math</Filter>
    </CudaCompile>
    <CudaCompile Include="Math\Spectrum.cu">
      <Filter>Math</Filter>
    </CudaCompile>
    <CudaCompile Include="Math\Spline.cu">
      <Filter>Math</Filter>
    </CudaCompile>
    <CudaCompile Include="Math\float4x4.cu">
      <Filter>Math</Filter>
    </CudaCompile>
    <CudaCompile Include="Math\Sampling.cu">
      <Filter>Math</Filter>
    </CudaCompile>
    <CudaCompile Include="Kernel\BlockSampler.cu">
      <Filter>Kernel</Filter>
    </CudaCompile>
    <CudaCompile Include="Kernel\BSDFVisualizer.cu">
      <Filter>Kernel</Filter>
    </CudaCompile>
    <CudaCompile Include="Kernel\TraceAlgorithms.cu">
      <Filter>Kernel</Filter>
    </CudaCompile>
    <CudaCompile Include="Kernel\TraceHelper.cu">
      <Filter>Kernel</Filter>
    </CudaCompile>
    <CudaCompile Include="Kernel\Tracer.cu">
      <Filter>Kernel</Filter>
    </CudaCompile>
    <CudaCompile Include="Kernel\TraceResult.cu">
      <Filter>Kernel</Filter>
    </CudaCompile>
    <CudaCompile Include="Integrators\PathTracer.cu">
      <Filter>Integrators</Filter>
    </CudaCompile>
    <CudaCompile Include="Integrators\PhotonTracer.cu">
      <Filter>Integrators</Filter>
    </CudaCompile>
    <CudaCompile Include="Integrators\PrimTracer.cu">
      <Filter>Integrators</Filter>
    </CudaCompile>
    <CudaCompile Include="Integrators\Bidirectional\BDPT.cu">
      <Filter>Integrators\Bidirectional</Filter>
    </CudaCompile>
    <CudaCompile Include="Integrators\Bidirectional\VCM.cu">
      <Filter>Integrators\Bidirectional</Filter>
    </CudaCompile>
    <CudaCompile Include="Integrators\Bidirectional\WavefrontVCM.cu">
      <Filter>Integrators\Bidirectional</Filter>
    </CudaCompile>
    <CudaCompile Include="Integrators\Parametric Mixture Models\PmmTracer.cu">
      <Filter>Integrators\Parametric Mixture Models</Filter>
    </CudaCompile>
    <CudaCompile Include="Integrators\Progressive Photon Mapping\VolEstimators\BeamGrid.cu">
      <Filter>Integrators\Progressive Photon Mapping\VolEstimators</Filter>
    </CudaCompile>
    <CudaCompile Include="Integrators\Progressive Photon Mapping\PPPMTracer_EyePass.cu">
      <Filter>Integrators\Progressive Photon Mapping</Filter>
    </CudaCompile>
    <CudaCompile Include="Integrators\Progressive Photon Mapping\PPPMTracer_PhotonPass.cu">
      <Filter>Integrators\Progressive Photon Mapping</Filter>
    </CudaCompile>
    <CudaCompile Include="Engine\MicrofacetDistribution.cu">
      <Filter>Engine</Filter>
    </CudaCompile>
    <CudaCompile Include="Engine\PhaseFunction.cu">
      <Filter>Engine</Filter>
    </CudaCompile>
    <CudaCompile Include="Engine\RoughTransmittance.cu">
      <Filter>Engine</Filter>
    </CudaCompile>
    <CudaCompile Include="Engine\Samples.cu">
      <Filter>Engine</Filter>
    </CudaCompile>
    <CudaCompile Include="Engine\Sensor.cu">
      <Filter>Engine</Filter>
    </CudaCompile>
    <CudaCompile Include="Engine\ShapeSet.cu">
      <Filter>Engine</Filter>
    </CudaCompile>
    <CudaCompile Include="Engine\TriangleData.cu">
      <Filter>Engine</Filter>
    </CudaCompile>
    <CudaCompile Include="Engine\TriIntersectorData.cu">
      <Filter>Engine</Filter>
    </CudaCompile>
    <CudaCompile Include="Engine\Volumes.cu">
      <Filter>Engine</Filter>
    </CudaCompile>
    <CudaCompile Include="Engine\AnimatedMesh.cu">
      <Filter>Engine</Filter>
    </CudaCompile>
    <CudaCompile Include="Engine\BSDF_Complex.cu">
      <Filter>Engine</Filter>
    </CudaCompile>
    <CudaCompile Include="Engine\BSDF_Simple.cu">
      <Filter>Engine</Filter>
    </CudaCompile>
    <CudaCompile Include="Engine\DifferentialGeometry.cu">
      <Filter>Engine</Filter>
    </CudaCompile>
    <CudaCompile Include="Engine\Image.cu">
      <Filter>Engine</Filter>
    </CudaCompile>
    <CudaCompile Include="Engine\KernelDynamicScene.cu">
      <Filter>Engine</Filter>
    </CudaCompile>
    <CudaCompile Include="Engine\Light.cu">
      <Filter>Engine</Filter>
    </CudaCompile>
    <CudaCompile Include="Engine\Material.cu">
      <Filter>Engine</Filter>
    </CudaCompile>
    <CudaCompile Include="Engine\MIPMap.cu">
      <Filter>Engine</Filter>
    </CudaCompile>
    <CudaCompile Include="Integrators\Pseudo Realtime\FastTracer.cu">
      <Filter>Integrators\Pseudo Realtime</Filter>
    </CudaCompile>
    <CudaCompile Include="Integrators\Pseudo Realtime\GameTracer.cu">
      <Filter>Integrators\Pseudo Realtime</Filter>
    </CudaCompile>
    <CudaCompile Include="Integrators\Pseudo Realtime\WavefrontPathTracer.cu">
      <Filter>Integrators\Pseudo Realtime</Filter>
    </CudaCompile>
  </ItemGroup>
</Project>